
Microsoft Visual Studio Solution File, Format Version 12.00
# Visual Studio Version 17
VisualStudioVersion = 17.0.32112.339
MinimumVisualStudioVersion = 10.0.40219.1
Project("{FAE04EC0-301F-11D3-BF4B-00C04F79EFBC}") = "CodificaWebServices", "CodificaWebServices\CodificaWebServices.csproj", "{9E45D36E-FCE5-4B29-8CD9-03FD421AD47D}"
EndProject
Global
	GlobalSection(SolutionConfigurationPlatforms) = preSolution
		Debug|Any CPU = Debug|Any CPU
		Release|Any CPU = Release|Any CPU
	EndGlobalSection
	GlobalSection(ProjectConfigurationPlatforms) = postSolution
		{9E45D36E-FCE5-4B29-8CD9-03FD421AD47D}.Debug|Any CPU.ActiveCfg = Debug|Any CPU
		{9E45D36E-FCE5-4B29-8CD9-03FD421AD47D}.Debug|Any CPU.Build.0 = Debug|Any CPU
		{9E45D36E-FCE5-4B29-8CD9-03FD421AD47D}.Release|Any CPU.ActiveCfg = Release|Any CPU
		{9E45D36E-FCE5-4B29-8CD9-03FD421AD47D}.Release|Any CPU.Build.0 = Release|Any CPU
	EndGlobalSection
	GlobalSection(SolutionProperties) = preSolution
		HideSolutionNode = FALSE
	EndGlobalSection
	GlobalSection(ExtensibilityGlobals) = postSolution
		SolutionGuid = {E1D67651-ABA6-49BE-BCEE-9CDE01DD9777}
	EndGlobalSection
EndGlobal
